{
    "name": "demoRepoB",
    "version": "1.0.0",
    "lockfileVersion": 2,
    "requires": true,
    "packages": {
      "": {
        "version": "1.0.0",
        "dependencies": {
          "demoRepoC": "ghalliday/gch-ecldemo-c#version1",
          "demoRepoD": "ghalliday/gch-ecldemo-d#version1"
        }
      },
      "demoRepoC": {
        "version": "1.0.0",
        "resolved": "git+ssh://git@github.com/ghalliday/gch-ecldemo-c.git#version1"
      },
      "demoRepoD": {
        "version": "1.0.0",
        "resolved": "git+ssh://git@github.com/ghalliday/gch-ecldemo-d.git#version1"
      }
    }
  }
  